
Microsoft Visual Studio Solution File, Format Version 12.00
# Visual Studio Version 17
VisualStudioVersion = 17.10.35122.118
MinimumVisualStudioVersion = 10.0.40219.1
Project("{FAE04EC0-301F-11D3-BF4B-00C04F79EFBC}") = "Aula 2", "Aula 2\Aula 2.csproj", "{845380FB-4EB6-4C3D-B1D1-BD265010B484}"
EndProject
Global
	GlobalSection(SolutionConfigurationPlatforms) = preSolution
		Debug|Any CPU = Debug|Any CPU
		Release|Any CPU = Release|Any CPU
	EndGlobalSection
	GlobalSection(ProjectConfigurationPlatforms) = postSolution
		{845380FB-4EB6-4C3D-B1D1-BD265010B484}.Debug|Any CPU.ActiveCfg = Debug|Any CPU
		{845380FB-4EB6-4C3D-B1D1-BD265010B484}.Debug|Any CPU.Build.0 = Debug|Any CPU
		{845380FB-4EB6-4C3D-B1D1-BD265010B484}.Release|Any CPU.ActiveCfg = Release|Any CPU
		{845380FB-4EB6-4C3D-B1D1-BD265010B484}.Release|Any CPU.Build.0 = Release|Any CPU
	EndGlobalSection
	GlobalSection(SolutionProperties) = preSolution
		HideSolutionNode = FALSE
	EndGlobalSection
	GlobalSection(ExtensibilityGlobals) = postSolution
		SolutionGuid = {884CB4FE-6703-4445-8984-A6051280929E}
	EndGlobalSection
EndGlobal
