
Microsoft Visual Studio Solution File, Format Version 12.00
# Visual Studio Version 17
VisualStudioVersion = 17.10.35122.118
MinimumVisualStudioVersion = 10.0.40219.1
Project("{FAE04EC0-301F-11D3-BF4B-00C04F79EFBC}") = "Aula 2", "Aula 2\Aula 2.csproj", "{BE04D684-23FC-444B-911E-FD53216D6774}"
EndProject
Global
	GlobalSection(SolutionConfigurationPlatforms) = preSolution
		Debug|Any CPU = Debug|Any CPU
		Release|Any CPU = Release|Any CPU
	EndGlobalSection
	GlobalSection(ProjectConfigurationPlatforms) = postSolution
		{BE04D684-23FC-444B-911E-FD53216D6774}.Debug|Any CPU.ActiveCfg = Debug|Any CPU
		{BE04D684-23FC-444B-911E-FD53216D6774}.Debug|Any CPU.Build.0 = Debug|Any CPU
		{BE04D684-23FC-444B-911E-FD53216D6774}.Release|Any CPU.ActiveCfg = Release|Any CPU
		{BE04D684-23FC-444B-911E-FD53216D6774}.Release|Any CPU.Build.0 = Release|Any CPU
	EndGlobalSection
	GlobalSection(SolutionProperties) = preSolution
		HideSolutionNode = FALSE
	EndGlobalSection
	GlobalSection(ExtensibilityGlobals) = postSolution
		SolutionGuid = {0987E62E-3190-48FD-943D-C999BDB3C241}
	EndGlobalSection
EndGlobal
