
Microsoft Visual Studio Solution File, Format Version 12.00
# Visual Studio Version 17
VisualStudioVersion = 17.10.35122.118
MinimumVisualStudioVersion = 10.0.40219.1
Project("{FAE04EC0-301F-11D3-BF4B-00C04F79EFBC}") = "Aula 2", "Aula 2\Aula 2.csproj", "{5D33E900-5CD4-4E94-9A77-0BA6915C21C2}"
EndProject
Global
	GlobalSection(SolutionConfigurationPlatforms) = preSolution
		Debug|Any CPU = Debug|Any CPU
		Release|Any CPU = Release|Any CPU
	EndGlobalSection
	GlobalSection(ProjectConfigurationPlatforms) = postSolution
		{5D33E900-5CD4-4E94-9A77-0BA6915C21C2}.Debug|Any CPU.ActiveCfg = Debug|Any CPU
		{5D33E900-5CD4-4E94-9A77-0BA6915C21C2}.Debug|Any CPU.Build.0 = Debug|Any CPU
		{5D33E900-5CD4-4E94-9A77-0BA6915C21C2}.Release|Any CPU.ActiveCfg = Release|Any CPU
		{5D33E900-5CD4-4E94-9A77-0BA6915C21C2}.Release|Any CPU.Build.0 = Release|Any CPU
	EndGlobalSection
	GlobalSection(SolutionProperties) = preSolution
		HideSolutionNode = FALSE
	EndGlobalSection
	GlobalSection(ExtensibilityGlobals) = postSolution
		SolutionGuid = {D2104B23-5281-4C37-9E66-F4C07629E35D}
	EndGlobalSection
EndGlobal
